
Microsoft Visual Studio Solution File, Format Version 12.00
# Visual Studio Version 16
VisualStudioVersion = 16.0.30503.244
MinimumVisualStudioVersion = 10.0.40219.1
Project("{FAE04EC0-301F-11D3-BF4B-00C04F79EFBC}") = "DatingWeb", "DatingWeb.csproj", "{53F7ED08-C83F-4669-9E05-1AD4208BBEA5}"
EndProject
Global
	GlobalSection(SolutionConfigurationPlatforms) = preSolution
		Debug|Any CPU = Debug|Any CPU
		Debug|x64 = Debug|x64
		Release|Any CPU = Release|Any CPU
		Release|x64 = Release|x64
	EndGlobalSection
	GlobalSection(ProjectConfigurationPlatforms) = postSolution
		{53F7ED08-C83F-4669-9E05-1AD4208BBEA5}.Debug|Any CPU.ActiveCfg = Debug|Any CPU
		{53F7ED08-C83F-4669-9E05-1AD4208BBEA5}.Debug|Any CPU.Build.0 = Debug|Any CPU
		{53F7ED08-C83F-4669-9E05-1AD4208BBEA5}.Debug|x64.ActiveCfg = Debug|Any CPU
		{53F7ED08-C83F-4669-9E05-1AD4208BBEA5}.Debug|x64.Build.0 = Debug|Any CPU
		{53F7ED08-C83F-4669-9E05-1AD4208BBEA5}.Release|Any CPU.ActiveCfg = Release|Any CPU
		{53F7ED08-C83F-4669-9E05-1AD4208BBEA5}.Release|Any CPU.Build.0 = Release|Any CPU
		{53F7ED08-C83F-4669-9E05-1AD4208BBEA5}.Release|x64.ActiveCfg = Release|x64
		{53F7ED08-C83F-4669-9E05-1AD4208BBEA5}.Release|x64.Build.0 = Release|x64
	EndGlobalSection
	GlobalSection(SolutionProperties) = preSolution
		HideSolutionNode = FALSE
	EndGlobalSection
	GlobalSection(ExtensibilityGlobals) = postSolution
		SolutionGuid = {B09477BE-647B-4779-88AF-E22C13EBA402}
	EndGlobalSection
EndGlobal
